
Microsoft Visual Studio Solution File, Format Version 12.00
# Visual Studio 15
VisualStudioVersion = 15.0.27004.2005
MinimumVisualStudioVersion = 10.0.40219.1
Project("{8BC9CEB8-8B4A-11D0-8D11-00A0C91BC942}") = "BinarySearchTree", "BinarySearchTree\BinarySearchTree.vcxproj", "{E69C37A0-01CB-4E86-BBAF-98AB59CD13E6}"
EndProject
Project("{8BC9CEB8-8B4A-11D0-8D11-00A0C91BC942}") = "BTree", "BTree\BTree.vcxproj", "{9ABB1576-9A0B-4570-A6AD-05B40479219C}"
EndProject
Project("{8BC9CEB8-8B4A-11D0-8D11-00A0C91BC942}") = "IDictionary", "IDictionary\IDictionary.vcxproj", "{6728CCA9-5AB0-4CC5-A0A0-4E0014C53FBE}"
EndProject
Project("{8BC9CEB8-8B4A-11D0-8D11-00A0C91BC942}") = "TreeBuilder", "TreeBuilder\TreeBuilder.vcxproj", "{2B653FFF-0C7C-4AB5-A386-2F1A408DFE5D}"
EndProject
Project("{8BC9CEB8-8B4A-11D0-8D11-00A0C91BC942}") = "Student", "Student\Student.vcxproj", "{E043E34F-8E72-406A-9AA5-46EC36642C5A}"
EndProject
Project("{8BC9CEB8-8B4A-11D0-8D11-00A0C91BC942}") = "GoogleTest", "GoogleTest\GoogleTest.vcxproj", "{5322D07A-30F2-40A3-B104-5C3F0551A195}"
EndProject
Project("{8BC9CEB8-8B4A-11D0-8D11-00A0C91BC942}") = "UnitTest", "UnitTest\UnitTest.vcxproj", "{40FB4044-F8D5-41C7-B212-D278523A6641}"
EndProject
Project("{8BC9CEB8-8B4A-11D0-8D11-00A0C91BC942}") = "SortedSequence", "SortedSequence\SortedSequence.vcxproj", "{886830D1-E988-4FF1-B607-338D64139C95}"
EndProject
Global
	GlobalSection(SolutionConfigurationPlatforms) = preSolution
		Debug|x64 = Debug|x64
		Debug|x86 = Debug|x86
		Release|x64 = Release|x64
		Release|x86 = Release|x86
	EndGlobalSection
	GlobalSection(ProjectConfigurationPlatforms) = postSolution
		{E69C37A0-01CB-4E86-BBAF-98AB59CD13E6}.Debug|x64.ActiveCfg = Debug|x64
		{E69C37A0-01CB-4E86-BBAF-98AB59CD13E6}.Debug|x64.Build.0 = Debug|x64
		{E69C37A0-01CB-4E86-BBAF-98AB59CD13E6}.Debug|x86.ActiveCfg = Debug|Win32
		{E69C37A0-01CB-4E86-BBAF-98AB59CD13E6}.Debug|x86.Build.0 = Debug|Win32
		{E69C37A0-01CB-4E86-BBAF-98AB59CD13E6}.Release|x64.ActiveCfg = Release|x64
		{E69C37A0-01CB-4E86-BBAF-98AB59CD13E6}.Release|x64.Build.0 = Release|x64
		{E69C37A0-01CB-4E86-BBAF-98AB59CD13E6}.Release|x86.ActiveCfg = Release|Win32
		{E69C37A0-01CB-4E86-BBAF-98AB59CD13E6}.Release|x86.Build.0 = Release|Win32
		{9ABB1576-9A0B-4570-A6AD-05B40479219C}.Debug|x64.ActiveCfg = Debug|x64
		{9ABB1576-9A0B-4570-A6AD-05B40479219C}.Debug|x64.Build.0 = Debug|x64
		{9ABB1576-9A0B-4570-A6AD-05B40479219C}.Debug|x86.ActiveCfg = Debug|Win32
		{9ABB1576-9A0B-4570-A6AD-05B40479219C}.Debug|x86.Build.0 = Debug|Win32
		{9ABB1576-9A0B-4570-A6AD-05B40479219C}.Release|x64.ActiveCfg = Release|x64
		{9ABB1576-9A0B-4570-A6AD-05B40479219C}.Release|x64.Build.0 = Release|x64
		{9ABB1576-9A0B-4570-A6AD-05B40479219C}.Release|x86.ActiveCfg = Release|Win32
		{9ABB1576-9A0B-4570-A6AD-05B40479219C}.Release|x86.Build.0 = Release|Win32
		{6728CCA9-5AB0-4CC5-A0A0-4E0014C53FBE}.Debug|x64.ActiveCfg = Debug|x64
		{6728CCA9-5AB0-4CC5-A0A0-4E0014C53FBE}.Debug|x64.Build.0 = Debug|x64
		{6728CCA9-5AB0-4CC5-A0A0-4E0014C53FBE}.Debug|x86.ActiveCfg = Debug|Win32
		{6728CCA9-5AB0-4CC5-A0A0-4E0014C53FBE}.Debug|x86.Build.0 = Debug|Win32
		{6728CCA9-5AB0-4CC5-A0A0-4E0014C53FBE}.Release|x64.ActiveCfg = Release|x64
		{6728CCA9-5AB0-4CC5-A0A0-4E0014C53FBE}.Release|x64.Build.0 = Release|x64
		{6728CCA9-5AB0-4CC5-A0A0-4E0014C53FBE}.Release|x86.ActiveCfg = Release|Win32
		{6728CCA9-5AB0-4CC5-A0A0-4E0014C53FBE}.Release|x86.Build.0 = Release|Win32
		{2B653FFF-0C7C-4AB5-A386-2F1A408DFE5D}.Debug|x64.ActiveCfg = Debug|x64
		{2B653FFF-0C7C-4AB5-A386-2F1A408DFE5D}.Debug|x64.Build.0 = Debug|x64
		{2B653FFF-0C7C-4AB5-A386-2F1A408DFE5D}.Debug|x86.ActiveCfg = Debug|Win32
		{2B653FFF-0C7C-4AB5-A386-2F1A408DFE5D}.Debug|x86.Build.0 = Debug|Win32
		{2B653FFF-0C7C-4AB5-A386-2F1A408DFE5D}.Release|x64.ActiveCfg = Release|x64
		{2B653FFF-0C7C-4AB5-A386-2F1A408DFE5D}.Release|x64.Build.0 = Release|x64
		{2B653FFF-0C7C-4AB5-A386-2F1A408DFE5D}.Release|x86.ActiveCfg = Release|Win32
		{2B653FFF-0C7C-4AB5-A386-2F1A408DFE5D}.Release|x86.Build.0 = Release|Win32
		{E043E34F-8E72-406A-9AA5-46EC36642C5A}.Debug|x64.ActiveCfg = Debug|x64
		{E043E34F-8E72-406A-9AA5-46EC36642C5A}.Debug|x64.Build.0 = Debug|x64
		{E043E34F-8E72-406A-9AA5-46EC36642C5A}.Debug|x86.ActiveCfg = Debug|Win32
		{E043E34F-8E72-406A-9AA5-46EC36642C5A}.Debug|x86.Build.0 = Debug|Win32
		{E043E34F-8E72-406A-9AA5-46EC36642C5A}.Release|x64.ActiveCfg = Release|x64
		{E043E34F-8E72-406A-9AA5-46EC36642C5A}.Release|x64.Build.0 = Release|x64
		{E043E34F-8E72-406A-9AA5-46EC36642C5A}.Release|x86.ActiveCfg = Release|Win32
		{E043E34F-8E72-406A-9AA5-46EC36642C5A}.Release|x86.Build.0 = Release|Win32
		{5322D07A-30F2-40A3-B104-5C3F0551A195}.Debug|x64.ActiveCfg = Debug|x64
		{5322D07A-30F2-40A3-B104-5C3F0551A195}.Debug|x64.Build.0 = Debug|x64
		{5322D07A-30F2-40A3-B104-5C3F0551A195}.Debug|x86.ActiveCfg = Debug|Win32
		{5322D07A-30F2-40A3-B104-5C3F0551A195}.Debug|x86.Build.0 = Debug|Win32
		{5322D07A-30F2-40A3-B104-5C3F0551A195}.Release|x64.ActiveCfg = Release|x64
		{5322D07A-30F2-40A3-B104-5C3F0551A195}.Release|x64.Build.0 = Release|x64
		{5322D07A-30F2-40A3-B104-5C3F0551A195}.Release|x86.ActiveCfg = Release|Win32
		{5322D07A-30F2-40A3-B104-5C3F0551A195}.Release|x86.Build.0 = Release|Win32
		{40FB4044-F8D5-41C7-B212-D278523A6641}.Debug|x64.ActiveCfg = Debug|x64
		{40FB4044-F8D5-41C7-B212-D278523A6641}.Debug|x64.Build.0 = Debug|x64
		{40FB4044-F8D5-41C7-B212-D278523A6641}.Debug|x86.ActiveCfg = Debug|Win32
		{40FB4044-F8D5-41C7-B212-D278523A6641}.Debug|x86.Build.0 = Debug|Win32
		{40FB4044-F8D5-41C7-B212-D278523A6641}.Release|x64.ActiveCfg = Release|x64
		{40FB4044-F8D5-41C7-B212-D278523A6641}.Release|x64.Build.0 = Release|x64
		{40FB4044-F8D5-41C7-B212-D278523A6641}.Release|x86.ActiveCfg = Release|Win32
		{40FB4044-F8D5-41C7-B212-D278523A6641}.Release|x86.Build.0 = Release|Win32
		{886830D1-E988-4FF1-B607-338D64139C95}.Debug|x64.ActiveCfg = Debug|x64
		{886830D1-E988-4FF1-B607-338D64139C95}.Debug|x64.Build.0 = Debug|x64
		{886830D1-E988-4FF1-B607-338D64139C95}.Debug|x86.ActiveCfg = Debug|Win32
		{886830D1-E988-4FF1-B607-338D64139C95}.Debug|x86.Build.0 = Debug|Win32
		{886830D1-E988-4FF1-B607-338D64139C95}.Release|x64.ActiveCfg = Release|x64
		{886830D1-E988-4FF1-B607-338D64139C95}.Release|x64.Build.0 = Release|x64
		{886830D1-E988-4FF1-B607-338D64139C95}.Release|x86.ActiveCfg = Release|Win32
		{886830D1-E988-4FF1-B607-338D64139C95}.Release|x86.Build.0 = Release|Win32
	EndGlobalSection
	GlobalSection(SolutionProperties) = preSolution
		HideSolutionNode = FALSE
	EndGlobalSection
	GlobalSection(ExtensibilityGlobals) = postSolution
		SolutionGuid = {32ADD89C-0F29-446B-BD35-56D078B7C164}
	EndGlobalSection
EndGlobal
